{
  "name": "my",
  "version": "2.44.8",
  "lockfileVersion": 3,
  "requires": true,
  "packages": {
    "": {
      "name": "my",
      "version": "2.44.8",
      "license": "ISC",
      "dependencies": {
        "bplist-parser": "0.3.2",
        "chalk": "5.3.0",
        "cli-table3": "0.6.5",
        "inquirer": "12.1.0",
        "plist": "3.1.0",
        "simple-git": "3.27.0",
        "simple-plist": "1.3.1",
        "yargonaut": "1.1.4",
        "yargs": "17.7.2",
        "zx": "8.2.2"
      }
    },
    "node_modules/@colors/colors": {
      "version": "1.5.0",
      "resolved": "https://registry.npmjs.org/@colors/colors/-/colors-1.5.0.tgz",
      "integrity": "sha512-ooWCrlZP11i8GImSjTHYHLkvFDP48nS4+204nGb1RiX/WXYHmJA2III9/e2DWVabCESdW7hBAEzHRqUn9OUVvQ==",
      "optional": true,
      "engines": {
        "node": ">=0.1.90"
      }
    },
    "node_modules/@inquirer/checkbox": {
      "version": "4.0.2",
      "resolved": "https://registry.npmjs.org/@inquirer/checkbox/-/checkbox-4.0.2.tgz",
      "integrity": "sha512-+gznPl8ip8P8HYHYecDtUtdsh1t2jvb+sWCD72GAiZ9m45RqwrLmReDaqdC0umQfamtFXVRoMVJ2/qINKGm9Tg==",
      "license": "MIT",
      "dependencies": {
        "@inquirer/core": "^10.1.0",
        "@inquirer/figures": "^1.0.8",
        "@inquirer/type": "^3.0.1",
        "ansi-escapes": "^4.3.2",
        "yoctocolors-cjs": "^2.1.2"
      },
      "engines": {
        "node": ">=18"
      },
      "peerDependencies": {
        "@types/node": ">=18"
      }
    },
    "node_modules/@inquirer/confirm": {
      "version": "5.0.2",
      "resolved": "https://registry.npmjs.org/@inquirer/confirm/-/confirm-5.0.2.tgz",
      "integrity": "sha512-KJLUHOaKnNCYzwVbryj3TNBxyZIrr56fR5N45v6K9IPrbT6B7DcudBMfylkV1A8PUdJE15mybkEQyp2/ZUpxUA==",
      "license": "MIT",
      "dependencies": {
        "@inquirer/core": "^10.1.0",
        "@inquirer/type": "^3.0.1"
      },
      "engines": {
        "node": ">=18"
      },
      "peerDependencies": {
        "@types/node": ">=18"
      }
    },
    "node_modules/@inquirer/core": {
      "version": "10.1.0",
      "resolved": "https://registry.npmjs.org/@inquirer/core/-/core-10.1.0.tgz",
      "integrity": "sha512-I+ETk2AL+yAVbvuKx5AJpQmoaWhpiTFOg/UJb7ZkMAK4blmtG8ATh5ct+T/8xNld0CZG/2UhtkdMwpgvld92XQ==",
      "license": "MIT",
      "dependencies": {
        "@inquirer/figures": "^1.0.8",
        "@inquirer/type": "^3.0.1",
        "ansi-escapes": "^4.3.2",
        "cli-width": "^4.1.0",
        "mute-stream": "^2.0.0",
        "signal-exit": "^4.1.0",
        "strip-ansi": "^6.0.1",
        "wrap-ansi": "^6.2.0",
        "yoctocolors-cjs": "^2.1.2"
      },
      "engines": {
        "node": ">=18"
      }
    },
    "node_modules/@inquirer/editor": {
      "version": "4.1.0",
      "resolved": "https://registry.npmjs.org/@inquirer/editor/-/editor-4.1.0.tgz",
      "integrity": "sha512-K1gGWsxEqO23tVdp5MT3H799OZ4ER1za7Dlc8F4um0W7lwSv0KGR/YyrUEyimj0g7dXZd8XknM/5QA2/Uy+TbA==",
      "license": "MIT",
      "dependencies": {
        "@inquirer/core": "^10.1.0",
        "@inquirer/type": "^3.0.1",
        "external-editor": "^3.1.0"
      },
      "engines": {
        "node": ">=18"
      },
      "peerDependencies": {
        "@types/node": ">=18"
      }
    },
    "node_modules/@inquirer/expand": {
      "version": "4.0.2",
      "resolved": "https://registry.npmjs.org/@inquirer/expand/-/expand-4.0.2.tgz",
      "integrity": "sha512-WdgCX1cUtinz+syKyZdJomovULYlKUWZbVYZzhf+ZeeYf4htAQ3jLymoNs3koIAKfZZl3HUBb819ClCBfyznaw==",
      "license": "MIT",
      "dependencies": {
        "@inquirer/core": "^10.1.0",
        "@inquirer/type": "^3.0.1",
        "yoctocolors-cjs": "^2.1.2"
      },
      "engines": {
        "node": ">=18"
      },
      "peerDependencies": {
        "@types/node": ">=18"
      }
    },
    "node_modules/@inquirer/figures": {
      "version": "1.0.8",
      "resolved": "https://registry.npmjs.org/@inquirer/figures/-/figures-1.0.8.tgz",
      "integrity": "sha512-tKd+jsmhq21AP1LhexC0pPwsCxEhGgAkg28byjJAd+xhmIs8LUX8JbUc3vBf3PhLxWiB5EvyBE5X7JSPAqMAqg==",
      "license": "MIT",
      "engines": {
        "node": ">=18"
      }
    },
    "node_modules/@inquirer/input": {
      "version": "4.0.2",
      "resolved": "https://registry.npmjs.org/@inquirer/input/-/input-4.0.2.tgz",
      "integrity": "sha512-yCLCraigU085EcdpIVEDgyfGv4vBiE4I+k1qRkc9C5dMjWF42ADMGy1RFU94+eZlz4YlkmFsiyHZy0W1wdhaNg==",
      "license": "MIT",
      "dependencies": {
        "@inquirer/core": "^10.1.0",
        "@inquirer/type": "^3.0.1"
      },
      "engines": {
        "node": ">=18"
      },
      "peerDependencies": {
        "@types/node": ">=18"
      }
    },
    "node_modules/@inquirer/number": {
      "version": "3.0.2",
      "resolved": "https://registry.npmjs.org/@inquirer/number/-/number-3.0.2.tgz",
      "integrity": "sha512-MKQhYofdUNk7eqJtz52KvM1dH6R93OMrqHduXCvuefKrsiMjHiMwjc3NZw5Imm2nqY7gWd9xdhYrtcHMJQZUxA==",
      "license": "MIT",
      "dependencies": {
        "@inquirer/core": "^10.1.0",
        "@inquirer/type": "^3.0.1"
      },
      "engines": {
        "node": ">=18"
      },
      "peerDependencies": {
        "@types/node": ">=18"
      }
    },
    "node_modules/@inquirer/password": {
      "version": "4.0.2",
      "resolved": "https://registry.npmjs.org/@inquirer/password/-/password-4.0.2.tgz",
      "integrity": "sha512-tQXGSu7IO07gsYlGy3VgXRVsbOWqFBMbqAUrJSc1PDTQQ5Qdm+QVwkP0OC0jnUZ62D19iPgXOMO+tnWG+HhjNQ==",
      "license": "MIT",
      "dependencies": {
        "@inquirer/core": "^10.1.0",
        "@inquirer/type": "^3.0.1",
        "ansi-escapes": "^4.3.2"
      },
      "engines": {
        "node": ">=18"
      },
      "peerDependencies": {
        "@types/node": ">=18"
      }
    },
    "node_modules/@inquirer/prompts": {
      "version": "7.1.0",
      "resolved": "https://registry.npmjs.org/@inquirer/prompts/-/prompts-7.1.0.tgz",
      "integrity": "sha512-5U/XiVRH2pp1X6gpNAjWOglMf38/Ys522ncEHIKT1voRUvSj/DQnR22OVxHnwu5S+rCFaUiPQ57JOtMFQayqYA==",
      "license": "MIT",
      "dependencies": {
        "@inquirer/checkbox": "^4.0.2",
        "@inquirer/confirm": "^5.0.2",
        "@inquirer/editor": "^4.1.0",
        "@inquirer/expand": "^4.0.2",
        "@inquirer/input": "^4.0.2",
        "@inquirer/number": "^3.0.2",
        "@inquirer/password": "^4.0.2",
        "@inquirer/rawlist": "^4.0.2",
        "@inquirer/search": "^3.0.2",
        "@inquirer/select": "^4.0.2"
      },
      "engines": {
        "node": ">=18"
      },
      "peerDependencies": {
        "@types/node": ">=18"
      }
    },
    "node_modules/@inquirer/rawlist": {
      "version": "4.0.2",
      "resolved": "https://registry.npmjs.org/@inquirer/rawlist/-/rawlist-4.0.2.tgz",
      "integrity": "sha512-3XGcskMoVF8H0Dl1S5TSZ3rMPPBWXRcM0VeNVsS4ByWeWjSeb0lPqfnBg6N7T0608I1B2bSVnbi2cwCrmOD1Yw==",
      "license": "MIT",
      "dependencies": {
        "@inquirer/core": "^10.1.0",
        "@inquirer/type": "^3.0.1",
        "yoctocolors-cjs": "^2.1.2"
      },
      "engines": {
        "node": ">=18"
      },
      "peerDependencies": {
        "@types/node": ">=18"
      }
    },
    "node_modules/@inquirer/search": {
      "version": "3.0.2",
      "resolved": "https://registry.npmjs.org/@inquirer/search/-/search-3.0.2.tgz",
      "integrity": "sha512-Zv4FC7w4dJ13BOJfKRQCICQfShinGjb1bCEIHxTSnjj2telu3+3RHwHubPG9HyD4aix5s+lyAMEK/wSFD75HLA==",
      "license": "MIT",
      "dependencies": {
        "@inquirer/core": "^10.1.0",
        "@inquirer/figures": "^1.0.8",
        "@inquirer/type": "^3.0.1",
        "yoctocolors-cjs": "^2.1.2"
      },
      "engines": {
        "node": ">=18"
      },
      "peerDependencies": {
        "@types/node": ">=18"
      }
    },
    "node_modules/@inquirer/select": {
      "version": "4.0.2",
      "resolved": "https://registry.npmjs.org/@inquirer/select/-/select-4.0.2.tgz",
      "integrity": "sha512-uSWUzaSYAEj0hlzxa1mUB6VqrKaYx0QxGBLZzU4xWFxaSyGaXxsSE4OSOwdU24j0xl8OajgayqFXW0l2bkl2kg==",
      "license": "MIT",
      "dependencies": {
        "@inquirer/core": "^10.1.0",
        "@inquirer/figures": "^1.0.8",
        "@inquirer/type": "^3.0.1",
        "ansi-escapes": "^4.3.2",
        "yoctocolors-cjs": "^2.1.2"
      },
      "engines": {
        "node": ">=18"
      },
      "peerDependencies": {
        "@types/node": ">=18"
      }
    },
    "node_modules/@inquirer/type": {
      "version": "3.0.1",
      "resolved": "https://registry.npmjs.org/@inquirer/type/-/type-3.0.1.tgz",
      "integrity": "sha512-+ksJMIy92sOAiAccGpcKZUc3bYO07cADnscIxHBknEm3uNts3movSmBofc1908BNy5edKscxYeAdaX1NXkHS6A==",
      "license": "MIT",
      "engines": {
        "node": ">=18"
      },
      "peerDependencies": {
        "@types/node": ">=18"
      }
    },
    "node_modules/@kwsites/file-exists": {
      "version": "1.1.1",
      "resolved": "https://registry.npmjs.org/@kwsites/file-exists/-/file-exists-1.1.1.tgz",
      "integrity": "sha512-m9/5YGR18lIwxSFDwfE3oA7bWuq9kdau6ugN4H2rJeyhFQZcG9AgSHkQtSD15a8WvTgfz9aikZMrKPHvbpqFiw==",
      "dependencies": {
        "debug": "^4.1.1"
      }
    },
    "node_modules/@kwsites/promise-deferred": {
      "version": "1.1.1",
      "resolved": "https://registry.npmjs.org/@kwsites/promise-deferred/-/promise-deferred-1.1.1.tgz",
      "integrity": "sha512-GaHYm+c0O9MjZRu0ongGBRbinu8gVAMd2UZjji6jVmqKtZluZnptXGWhz1E8j8D2HJ3f/yMxKAUC0b+57wncIw=="
    },
    "node_modules/@types/fs-extra": {
      "version": "11.0.1",
      "resolved": "https://registry.npmjs.org/@types/fs-extra/-/fs-extra-11.0.1.tgz",
      "integrity": "sha512-MxObHvNl4A69ofaTRU8DFqvgzzv8s9yRtaPPm5gud9HDNvpB3GPQFvNuTWAI59B9huVGV5jXYJwbCsmBsOGYWA==",
      "optional": true,
      "dependencies": {
        "@types/jsonfile": "*",
        "@types/node": "*"
      }
    },
    "node_modules/@types/jsonfile": {
      "version": "6.1.1",
      "resolved": "https://registry.npmjs.org/@types/jsonfile/-/jsonfile-6.1.1.tgz",
      "integrity": "sha512-GSgiRCVeapDN+3pqA35IkQwasaCh/0YFH5dEF6S88iDvEn901DjOeH3/QPY+XYP1DFzDZPvIvfeEgk+7br5png==",
      "optional": true,
      "dependencies": {
        "@types/node": "*"
      }
    },
    "node_modules/@types/node": {
      "version": "22.9.3",
      "resolved": "https://registry.npmjs.org/@types/node/-/node-22.9.3.tgz",
      "integrity": "sha512-F3u1fs/fce3FFk+DAxbxc78DF8x0cY09RRL8GnXLmkJ1jvx3TtPdWoTT5/NiYfI5ASqXBmfqJi9dZ3gxMx4lzw==",
      "license": "MIT",
      "dependencies": {
        "undici-types": "~6.19.8"
      }
    },
    "node_modules/@xmldom/xmldom": {
      "version": "0.8.10",
      "resolved": "https://registry.npmjs.org/@xmldom/xmldom/-/xmldom-0.8.10.tgz",
      "integrity": "sha512-2WALfTl4xo2SkGCYRt6rDTFfk9R1czmBvUQy12gK2KuRKIpWEhcbbzy8EZXtz/jkRqHX8bFEc6FC1HjX4TUWYw==",
      "engines": {
        "node": ">=10.0.0"
      }
    },
    "node_modules/ansi-escapes": {
      "version": "4.3.2",
      "resolved": "https://registry.npmjs.org/ansi-escapes/-/ansi-escapes-4.3.2.tgz",
      "integrity": "sha512-gKXj5ALrKWQLsYG9jlTRmR/xKluxHV+Z9QEwNIgCfM1/uwPMCuzVVnh5mwTd+OuBZcwSIMbqssNWRm1lE51QaQ==",
      "dependencies": {
        "type-fest": "^0.21.3"
      },
      "engines": {
        "node": ">=8"
      },
      "funding": {
        "url": "https://github.com/sponsors/sindresorhus"
      }
    },
    "node_modules/ansi-regex": {
      "version": "5.0.1",
      "resolved": "https://registry.npmjs.org/ansi-regex/-/ansi-regex-5.0.1.tgz",
      "integrity": "sha512-quJQXlTSUGL2LH9SUXo8VwsY4soanhgo6LNSm84E1LBcE8s3O0wpdiRzyR9z/ZZJMlMWv37qOOb9pdJlMUEKFQ==",
      "engines": {
        "node": ">=8"
      }
    },
    "node_modules/ansi-styles": {
      "version": "4.3.0",
      "resolved": "https://registry.npmjs.org/ansi-styles/-/ansi-styles-4.3.0.tgz",
      "integrity": "sha512-zbB9rCJAT1rbjiVDb2hqKFHNYLxgtk8NURxZ3IZwD3F6NtxbXZQCnnSi1Lkx+IDohdPlFp222wVALIheZJQSEg==",
      "dependencies": {
        "color-convert": "^2.0.1"
      },
      "engines": {
        "node": ">=8"
      },
      "funding": {
        "url": "https://github.com/chalk/ansi-styles?sponsor=1"
      }
    },
    "node_modules/base64-js": {
      "version": "1.5.1",
      "resolved": "https://registry.npmjs.org/base64-js/-/base64-js-1.5.1.tgz",
      "integrity": "sha512-AKpaYlHn8t4SVbOHCy+b5+KKgvR4vrsD8vbvrbiQJps7fKDTkjkDry6ji0rUJjC0kzbNePLwzxq8iypo41qeWA==",
      "funding": [
        {
          "type": "github",
          "url": "https://github.com/sponsors/feross"
        },
        {
          "type": "patreon",
          "url": "https://www.patreon.com/feross"
        },
        {
          "type": "consulting",
          "url": "https://feross.org/support"
        }
      ]
    },
    "node_modules/big-integer": {
      "version": "1.6.52",
      "resolved": "https://registry.npmjs.org/big-integer/-/big-integer-1.6.52.tgz",
      "integrity": "sha512-QxD8cf2eVqJOOz63z6JIN9BzvVs/dlySa5HGSBH5xtR8dPteIRQnBxxKqkNTiT6jbDTF6jAfrd4oMcND9RGbQg==",
      "engines": {
        "node": ">=0.6"
      }
    },
    "node_modules/bplist-creator": {
      "version": "0.1.0",
      "resolved": "https://registry.npmjs.org/bplist-creator/-/bplist-creator-0.1.0.tgz",
      "integrity": "sha512-sXaHZicyEEmY86WyueLTQesbeoH/mquvarJaQNbjuOQO+7gbFcDEWqKmcWA4cOTLzFlfgvkiVxolk1k5bBIpmg==",
      "dependencies": {
        "stream-buffers": "2.2.x"
      }
    },
    "node_modules/bplist-parser": {
      "version": "0.3.2",
      "resolved": "https://registry.npmjs.org/bplist-parser/-/bplist-parser-0.3.2.tgz",
      "integrity": "sha512-apC2+fspHGI3mMKj+dGevkGo/tCqVB8jMb6i+OX+E29p0Iposz07fABkRIfVUPNd5A5VbuOz1bZbnmkKLYF+wQ==",
      "dependencies": {
        "big-integer": "1.6.x"
      },
      "engines": {
        "node": ">= 5.10.0"
      }
    },
    "node_modules/chalk": {
      "version": "5.3.0",
      "resolved": "https://registry.npmjs.org/chalk/-/chalk-5.3.0.tgz",
      "integrity": "sha512-dLitG79d+GV1Nb/VYcCDFivJeK1hiukt9QjRNVOsUtTy1rR1YJsmpGGTZ3qJos+uw7WmWF4wUwBd9jxjocFC2w==",
      "engines": {
        "node": "^12.17.0 || ^14.13 || >=16.0.0"
      },
      "funding": {
        "url": "https://github.com/chalk/chalk?sponsor=1"
      }
    },
    "node_modules/chardet": {
      "version": "0.7.0",
      "resolved": "https://registry.npmjs.org/chardet/-/chardet-0.7.0.tgz",
      "integrity": "sha512-mT8iDcrh03qDGRRmoA2hmBJnxpllMR+0/0qlzjqZES6NdiWDcZkCNAk4rPFZ9Q85r27unkiNNg8ZOiwZXBHwcA==",
      "license": "MIT"
    },
    "node_modules/cli-table3": {
      "version": "0.6.5",
      "resolved": "https://registry.npmjs.org/cli-table3/-/cli-table3-0.6.5.tgz",
      "integrity": "sha512-+W/5efTR7y5HRD7gACw9yQjqMVvEMLBHmboM/kPWam+H+Hmyrgjh6YncVKK122YZkXrLudzTuAukUw9FnMf7IQ==",
      "license": "MIT",
      "dependencies": {
        "string-width": "^4.2.0"
      },
      "engines": {
        "node": "10.* || >= 12.*"
      },
      "optionalDependencies": {
        "@colors/colors": "1.5.0"
      }
    },
    "node_modules/cli-width": {
      "version": "4.1.0",
      "resolved": "https://registry.npmjs.org/cli-width/-/cli-width-4.1.0.tgz",
      "integrity": "sha512-ouuZd4/dm2Sw5Gmqy6bGyNNNe1qt9RpmxveLSO7KcgsTnU7RXfsw+/bukWGo1abgBiMAic068rclZsO4IWmmxQ==",
      "license": "ISC",
      "engines": {
        "node": ">= 12"
      }
    },
    "node_modules/cliui": {
      "version": "8.0.1",
      "resolved": "https://registry.npmjs.org/cliui/-/cliui-8.0.1.tgz",
      "integrity": "sha512-BSeNnyus75C4//NQ9gQt1/csTXyo/8Sb+afLAkzAptFuMsod9HFokGNudZpi/oQV73hnVK+sR+5PVRMd+Dr7YQ==",
      "dependencies": {
        "string-width": "^4.2.0",
        "strip-ansi": "^6.0.1",
        "wrap-ansi": "^7.0.0"
      },
      "engines": {
        "node": ">=12"
      }
    },
    "node_modules/cliui/node_modules/wrap-ansi": {
      "version": "7.0.0",
      "resolved": "https://registry.npmjs.org/wrap-ansi/-/wrap-ansi-7.0.0.tgz",
      "integrity": "sha512-YVGIj2kamLSTxw6NsZjoBxfSwsn0ycdesmc4p+Q21c5zPuZ1pl+NfxVdxPtdHvmNVOQ6XSYG4AUtyt/Fi7D16Q==",
      "dependencies": {
        "ansi-styles": "^4.0.0",
        "string-width": "^4.1.0",
        "strip-ansi": "^6.0.0"
      },
      "engines": {
        "node": ">=10"
      },
      "funding": {
        "url": "https://github.com/chalk/wrap-ansi?sponsor=1"
      }
    },
    "node_modules/color-convert": {
      "version": "2.0.1",
      "resolved": "https://registry.npmjs.org/color-convert/-/color-convert-2.0.1.tgz",
      "integrity": "sha512-RRECPsj7iu/xb5oKYcsFHSppFNnsj/52OVTRKb4zP5onXwVF3zVmmToNcOfGC+CRDpfK/U584fMg38ZHCaElKQ==",
      "dependencies": {
        "color-name": "~1.1.4"
      },
      "engines": {
        "node": ">=7.0.0"
      }
    },
    "node_modules/color-name": {
      "version": "1.1.4",
      "resolved": "https://registry.npmjs.org/color-name/-/color-name-1.1.4.tgz",
      "integrity": "sha512-dOy+3AuW3a2wNbZHIuMZpTcgjGuLU/uBL/ubcZF9OXbDo8ff4O8yVp5Bf0efS8uEoYo5q4Fx7dY9OgQGXgAsQA=="
    },
    "node_modules/debug": {
      "version": "4.3.7",
      "resolved": "https://registry.npmjs.org/debug/-/debug-4.3.7.tgz",
      "integrity": "sha512-Er2nc/H7RrMXZBFCEim6TCmMk02Z8vLC2Rbi1KEBggpo0fS6l0S1nnapwmIi3yW/+GOJap1Krg4w0Hg80oCqgQ==",
      "license": "MIT",
      "dependencies": {
        "ms": "^2.1.3"
      },
      "engines": {
        "node": ">=6.0"
      },
      "peerDependenciesMeta": {
        "supports-color": {
          "optional": true
        }
      }
    },
    "node_modules/emoji-regex": {
      "version": "8.0.0",
      "resolved": "https://registry.npmjs.org/emoji-regex/-/emoji-regex-8.0.0.tgz",
      "integrity": "sha512-MSjYzcWNOA0ewAHpz0MxpYFvwg6yjy1NG3xteoqz644VCo/RPgnr1/GGt+ic3iJTzQ8Eu3TdM14SawnVUmGE6A=="
    },
    "node_modules/escalade": {
      "version": "3.1.1",
      "resolved": "https://registry.npmjs.org/escalade/-/escalade-3.1.1.tgz",
      "integrity": "sha512-k0er2gUkLf8O0zKJiAhmkTnJlTvINGv7ygDNPbeIsX/TJjGJZHuh9B2UxbsaEkmlEo9MfhrSzmhIlhRlI2GXnw==",
      "engines": {
        "node": ">=6"
      }
    },
    "node_modules/external-editor": {
      "version": "3.1.0",
      "resolved": "https://registry.npmjs.org/external-editor/-/external-editor-3.1.0.tgz",
      "integrity": "sha512-hMQ4CX1p1izmuLYyZqLMO/qGNw10wSv9QDCPfzXfyFrOaCSSoRfqE1Kf1s5an66J5JZC62NewG+mK49jOCtQew==",
      "license": "MIT",
      "dependencies": {
        "chardet": "^0.7.0",
        "iconv-lite": "^0.4.24",
        "tmp": "^0.0.33"
      },
      "engines": {
        "node": ">=4"
      }
    },
    "node_modules/figlet": {
      "version": "1.6.0",
      "resolved": "https://registry.npmjs.org/figlet/-/figlet-1.6.0.tgz",
      "integrity": "sha512-31EQGhCEITv6+hi2ORRPyn3bulaV9Fl4xOdR169cBzH/n1UqcxsiSB/noo6SJdD7Kfb1Ljit+IgR1USvF/XbdA==",
      "bin": {
        "figlet": "bin/index.js"
      },
      "engines": {
        "node": ">= 0.4.0"
      }
    },
    "node_modules/get-caller-file": {
      "version": "2.0.5",
      "resolved": "https://registry.npmjs.org/get-caller-file/-/get-caller-file-2.0.5.tgz",
      "integrity": "sha512-DyFP3BM/3YHTQOCUL/w0OZHR0lpKeGrxotcHWcqNEdnltqFwXVfhEBQ94eIo34AfQpo0rGki4cyIiftY06h2Fg==",
      "engines": {
        "node": "6.* || 8.* || >= 10.*"
      }
    },
    "node_modules/has-ansi": {
      "version": "2.0.0",
      "resolved": "https://registry.npmjs.org/has-ansi/-/has-ansi-2.0.0.tgz",
      "integrity": "sha512-C8vBJ8DwUCx19vhm7urhTuUsr4/IyP6l4VzNQDv+ryHQObW3TTTp9yB68WpYgRe2bbaGuZ/se74IqFeVnMnLZg==",
      "dependencies": {
        "ansi-regex": "^2.0.0"
      },
      "engines": {
        "node": ">=0.10.0"
      }
    },
    "node_modules/has-ansi/node_modules/ansi-regex": {
      "version": "2.1.1",
      "resolved": "https://registry.npmjs.org/ansi-regex/-/ansi-regex-2.1.1.tgz",
      "integrity": "sha512-TIGnTpdo+E3+pCyAluZvtED5p5wCqLdezCyhPZzKPcxvFplEt4i+W7OONCKgeZFT3+y5NZZfOOS/Bdcanm1MYA==",
      "engines": {
        "node": ">=0.10.0"
      }
    },
    "node_modules/iconv-lite": {
      "version": "0.4.24",
      "resolved": "https://registry.npmjs.org/iconv-lite/-/iconv-lite-0.4.24.tgz",
      "integrity": "sha512-v3MXnZAcvnywkTUEZomIActle7RXXeedOR31wwl7VlyoXO4Qi9arvSenNQWne1TcRwhCL1HwLI21bEqdpj8/rA==",
      "license": "MIT",
      "dependencies": {
        "safer-buffer": ">= 2.1.2 < 3"
      },
      "engines": {
        "node": ">=0.10.0"
      }
    },
    "node_modules/inquirer": {
      "version": "12.1.0",
      "resolved": "https://registry.npmjs.org/inquirer/-/inquirer-12.1.0.tgz",
      "integrity": "sha512-3/iexk64jn3EF0tjWYfOJi/DNWtcSSwg4ER67cnopO2xlCTUQjFCTMH9NBNQAMO/+dC3sEvKJtGJsqXnCkSsFg==",
      "license": "MIT",
      "dependencies": {
        "@inquirer/core": "^10.1.0",
        "@inquirer/prompts": "^7.1.0",
        "@inquirer/type": "^3.0.1",
        "ansi-escapes": "^4.3.2",
        "mute-stream": "^2.0.0",
        "run-async": "^3.0.0",
        "rxjs": "^7.8.1"
      },
      "engines": {
        "node": ">=18"
      },
      "peerDependencies": {
        "@types/node": ">=18"
      }
    },
    "node_modules/is-fullwidth-code-point": {
      "version": "3.0.0",
      "resolved": "https://registry.npmjs.org/is-fullwidth-code-point/-/is-fullwidth-code-point-3.0.0.tgz",
      "integrity": "sha512-zymm5+u+sCsSWyD9qNaejV3DFvhCKclKdizYaJUuHA83RLjb7nSuGnddCHGv0hk+KY7BMAlsWeK4Ueg6EV6XQg==",
      "engines": {
        "node": ">=8"
      }
    },
    "node_modules/ms": {
      "version": "2.1.3",
      "resolved": "https://registry.npmjs.org/ms/-/ms-2.1.3.tgz",
      "integrity": "sha512-6FlzubTLZG3J2a/NVCAleEhjzq5oxgHyaCU9yYXvcLsvoVaHJq/s5xXI6/XXP6tz7R9xAOtHnSO/tXtF3WRTlA==",
      "license": "MIT"
    },
    "node_modules/mute-stream": {
      "version": "2.0.0",
      "resolved": "https://registry.npmjs.org/mute-stream/-/mute-stream-2.0.0.tgz",
      "integrity": "sha512-WWdIxpyjEn+FhQJQQv9aQAYlHoNVdzIzUySNV1gHUPDSdZJ3yZn7pAAbQcV7B56Mvu881q9FZV+0Vx2xC44VWA==",
      "license": "ISC",
      "engines": {
        "node": "^18.17.0 || >=20.5.0"
      }
    },
    "node_modules/os-tmpdir": {
      "version": "1.0.2",
      "resolved": "https://registry.npmjs.org/os-tmpdir/-/os-tmpdir-1.0.2.tgz",
      "integrity": "sha512-D2FR03Vir7FIu45XBY20mTb+/ZSWB00sjU9jdQXt83gDrI4Ztz5Fs7/yy74g2N5SVQY4xY1qDr4rNddwYRVX0g==",
      "license": "MIT",
      "engines": {
        "node": ">=0.10.0"
      }
    },
    "node_modules/parent-require": {
      "version": "1.0.0",
      "resolved": "https://registry.npmjs.org/parent-require/-/parent-require-1.0.0.tgz",
      "integrity": "sha512-2MXDNZC4aXdkkap+rBBMv0lUsfJqvX5/2FiYYnfCnorZt3Pk06/IOR5KeaoghgS2w07MLWgjbsnyaq6PdHn2LQ==",
      "engines": {
        "node": ">= 0.4.0"
      }
    },
    "node_modules/plist": {
      "version": "3.1.0",
      "resolved": "https://registry.npmjs.org/plist/-/plist-3.1.0.tgz",
      "integrity": "sha512-uysumyrvkUX0rX/dEVqt8gC3sTBzd4zoWfLeS29nb53imdaXVvLINYXTI2GNqzaMuvacNx4uJQ8+b3zXR0pkgQ==",
      "dependencies": {
        "@xmldom/xmldom": "^0.8.8",
        "base64-js": "^1.5.1",
        "xmlbuilder": "^15.1.1"
      },
      "engines": {
        "node": ">=10.4.0"
      }
    },
    "node_modules/require-directory": {
      "version": "2.1.1",
      "resolved": "https://registry.npmjs.org/require-directory/-/require-directory-2.1.1.tgz",
      "integrity": "sha512-fGxEI7+wsG9xrvdjsrlmL22OMTTiHRwAMroiEeMgq8gzoLC/PQr7RsRDSTLUg/bZAZtF+TVIkHc6/4RIKrui+Q==",
      "engines": {
        "node": ">=0.10.0"
      }
    },
    "node_modules/run-async": {
      "version": "3.0.0",
      "resolved": "https://registry.npmjs.org/run-async/-/run-async-3.0.0.tgz",
      "integrity": "sha512-540WwVDOMxA6dN6We19EcT9sc3hkXPw5mzRNGM3FkdN/vtE9NFvj5lFAPNwUDmJjXidm3v7TC1cTE7t17Ulm1Q==",
      "engines": {
        "node": ">=0.12.0"
      }
    },
    "node_modules/rxjs": {
      "version": "7.8.1",
      "resolved": "https://registry.npmjs.org/rxjs/-/rxjs-7.8.1.tgz",
      "integrity": "sha512-AA3TVj+0A2iuIoQkWEK/tqFjBq2j+6PO6Y0zJcvzLAFhEFIO3HL0vls9hWLncZbAAbK0mar7oZ4V079I/qPMxg==",
      "dependencies": {
        "tslib": "^2.1.0"
      }
    },
    "node_modules/safer-buffer": {
      "version": "2.1.2",
      "resolved": "https://registry.npmjs.org/safer-buffer/-/safer-buffer-2.1.2.tgz",
      "integrity": "sha512-YZo3K82SD7Riyi0E1EQPojLz7kpepnSQI9IyPbHHg1XXXevb5dJI7tpyN2ADxGcQbHG7vcyRHk0cbwqcQriUtg==",
      "license": "MIT"
    },
    "node_modules/signal-exit": {
      "version": "4.1.0",
      "resolved": "https://registry.npmjs.org/signal-exit/-/signal-exit-4.1.0.tgz",
      "integrity": "sha512-bzyZ1e88w9O1iNJbKnOlvYTrWPDl46O1bG0D3XInv+9tkPrxrN8jUUTiFlDkkmKWgn1M6CfIA13SuGqOa9Korw==",
      "license": "ISC",
      "engines": {
        "node": ">=14"
      },
      "funding": {
        "url": "https://github.com/sponsors/isaacs"
      }
    },
    "node_modules/simple-git": {
      "version": "3.27.0",
      "resolved": "https://registry.npmjs.org/simple-git/-/simple-git-3.27.0.tgz",
      "integrity": "sha512-ivHoFS9Yi9GY49ogc6/YAi3Fl9ROnF4VyubNylgCkA+RVqLaKWnDSzXOVzya8csELIaWaYNutsEuAhZrtOjozA==",
      "license": "MIT",
      "dependencies": {
        "@kwsites/file-exists": "^1.1.1",
        "@kwsites/promise-deferred": "^1.1.1",
        "debug": "^4.3.5"
      },
      "funding": {
        "type": "github",
        "url": "https://github.com/steveukx/git-js?sponsor=1"
      }
    },
    "node_modules/simple-plist": {
      "version": "1.3.1",
      "resolved": "https://registry.npmjs.org/simple-plist/-/simple-plist-1.3.1.tgz",
      "integrity": "sha512-iMSw5i0XseMnrhtIzRb7XpQEXepa9xhWxGUojHBL43SIpQuDQkh3Wpy67ZbDzZVr6EKxvwVChnVpdl8hEVLDiw==",
      "dependencies": {
        "bplist-creator": "0.1.0",
        "bplist-parser": "0.3.1",
        "plist": "^3.0.5"
      }
    },
    "node_modules/simple-plist/node_modules/bplist-parser": {
      "version": "0.3.1",
      "resolved": "https://registry.npmjs.org/bplist-parser/-/bplist-parser-0.3.1.tgz",
      "integrity": "sha512-PyJxiNtA5T2PlLIeBot4lbp7rj4OadzjnMZD/G5zuBNt8ei/yCU7+wW0h2bag9vr8c+/WuRWmSxbqAl9hL1rBA==",
      "dependencies": {
        "big-integer": "1.6.x"
      },
      "engines": {
        "node": ">= 5.10.0"
      }
    },
    "node_modules/stream-buffers": {
      "version": "2.2.0",
      "resolved": "https://registry.npmjs.org/stream-buffers/-/stream-buffers-2.2.0.tgz",
      "integrity": "sha512-uyQK/mx5QjHun80FLJTfaWE7JtwfRMKBLkMne6udYOmvH0CawotVa7TfgYHzAnpphn4+TweIx1QKMnRIbipmUg==",
      "engines": {
        "node": ">= 0.10.0"
      }
    },
    "node_modules/string-width": {
      "version": "4.2.3",
      "resolved": "https://registry.npmjs.org/string-width/-/string-width-4.2.3.tgz",
      "integrity": "sha512-wKyQRQpjJ0sIp62ErSZdGsjMJWsap5oRNihHhu6G7JVO/9jIB6UyevL+tXuOqrng8j/cxKTWyWUwvSTriiZz/g==",
      "dependencies": {
        "emoji-regex": "^8.0.0",
        "is-fullwidth-code-point": "^3.0.0",
        "strip-ansi": "^6.0.1"
      },
      "engines": {
        "node": ">=8"
      }
    },
    "node_modules/strip-ansi": {
      "version": "6.0.1",
      "resolved": "https://registry.npmjs.org/strip-ansi/-/strip-ansi-6.0.1.tgz",
      "integrity": "sha512-Y38VPSHcqkFrCpFnQ9vuSXmquuv5oXOKpGeT6aGrr3o3Gc9AlVa6JBfUSOCnbxGGZF+/0ooI7KrPuUSztUdU5A==",
      "dependencies": {
        "ansi-regex": "^5.0.1"
      },
      "engines": {
        "node": ">=8"
      }
    },
    "node_modules/tmp": {
      "version": "0.0.33",
      "resolved": "https://registry.npmjs.org/tmp/-/tmp-0.0.33.tgz",
      "integrity": "sha512-jRCJlojKnZ3addtTOjdIqoRuPEKBvNXcGYqzO6zWZX8KfKEpnGY5jfggJQ3EjKuu8D4bJRr0y+cYJFmYbImXGw==",
      "license": "MIT",
      "dependencies": {
        "os-tmpdir": "~1.0.2"
      },
      "engines": {
        "node": ">=0.6.0"
      }
    },
    "node_modules/tslib": {
      "version": "2.6.2",
      "resolved": "https://registry.npmjs.org/tslib/-/tslib-2.6.2.tgz",
      "integrity": "sha512-AEYxH93jGFPn/a2iVAwW87VuUIkR1FVUKB77NwMF7nBTDkDrrT/Hpt/IrCJ0QXhW27jTBDcf5ZY7w6RiqTMw2Q=="
    },
    "node_modules/type-fest": {
      "version": "0.21.3",
      "resolved": "https://registry.npmjs.org/type-fest/-/type-fest-0.21.3.tgz",
      "integrity": "sha512-t0rzBq87m3fVcduHDUFhKmyyX+9eo6WQjZvf51Ea/M0Q7+T374Jp1aUiyUl0GKxp8M/OETVHSDvmkyPgvX+X2w==",
      "engines": {
        "node": ">=10"
      },
      "funding": {
        "url": "https://github.com/sponsors/sindresorhus"
      }
    },
    "node_modules/undici-types": {
      "version": "6.19.8",
      "resolved": "https://registry.npmjs.org/undici-types/-/undici-types-6.19.8.tgz",
      "integrity": "sha512-ve2KP6f/JnbPBFyobGHuerC9g1FYGn/F8n1LWTwNxCEzd6IfqTwUQcNXgEtmmQ6DlRrC1hrSrBnCZPokRrDHjw==",
      "license": "MIT"
    },
    "node_modules/wrap-ansi": {
      "version": "6.2.0",
      "resolved": "https://registry.npmjs.org/wrap-ansi/-/wrap-ansi-6.2.0.tgz",
      "integrity": "sha512-r6lPcBGxZXlIcymEu7InxDMhdW0KDxpLgoFLcguasxCaJ/SOIZwINatK9KY/tf+ZrlywOKU0UDj3ATXUBfxJXA==",
      "license": "MIT",
      "dependencies": {
        "ansi-styles": "^4.0.0",
        "string-width": "^4.1.0",
        "strip-ansi": "^6.0.0"
      },
      "engines": {
        "node": ">=8"
      }
    },
    "node_modules/xmlbuilder": {
      "version": "15.1.1",
      "resolved": "https://registry.npmjs.org/xmlbuilder/-/xmlbuilder-15.1.1.tgz",
      "integrity": "sha512-yMqGBqtXyeN1e3TGYvgNgDVZ3j84W4cwkOXQswghol6APgZWaff9lnbvN7MHYJOiXsvGPXtjTYJEiC9J2wv9Eg==",
      "engines": {
        "node": ">=8.0"
      }
    },
    "node_modules/y18n": {
      "version": "5.0.8",
      "resolved": "https://registry.npmjs.org/y18n/-/y18n-5.0.8.tgz",
      "integrity": "sha512-0pfFzegeDWJHJIAmTLRP2DwHjdF5s7jo9tuztdQxAhINCdvS+3nGINqPd00AphqJR/0LhANUS6/+7SCb98YOfA==",
      "engines": {
        "node": ">=10"
      }
    },
    "node_modules/yargonaut": {
      "version": "1.1.4",
      "resolved": "https://registry.npmjs.org/yargonaut/-/yargonaut-1.1.4.tgz",
      "integrity": "sha512-rHgFmbgXAAzl+1nngqOcwEljqHGG9uUZoPjsdZEs1w5JW9RXYzrSvH/u70C1JE5qFi0qjsdhnUX/dJRpWqitSA==",
      "dependencies": {
        "chalk": "^1.1.1",
        "figlet": "^1.1.1",
        "parent-require": "^1.0.0"
      }
    },
    "node_modules/yargonaut/node_modules/ansi-regex": {
      "version": "2.1.1",
      "resolved": "https://registry.npmjs.org/ansi-regex/-/ansi-regex-2.1.1.tgz",
      "integrity": "sha512-TIGnTpdo+E3+pCyAluZvtED5p5wCqLdezCyhPZzKPcxvFplEt4i+W7OONCKgeZFT3+y5NZZfOOS/Bdcanm1MYA==",
      "engines": {
        "node": ">=0.10.0"
      }
    },
    "node_modules/yargonaut/node_modules/ansi-styles": {
      "version": "2.2.1",
      "resolved": "https://registry.npmjs.org/ansi-styles/-/ansi-styles-2.2.1.tgz",
      "integrity": "sha512-kmCevFghRiWM7HB5zTPULl4r9bVFSWjz62MhqizDGUrq2NWuNMQyuv4tHHoKJHs69M/MF64lEcHdYIocrdWQYA==",
      "engines": {
        "node": ">=0.10.0"
      }
    },
    "node_modules/yargonaut/node_modules/chalk": {
      "version": "1.1.3",
      "resolved": "https://registry.npmjs.org/chalk/-/chalk-1.1.3.tgz",
      "integrity": "sha512-U3lRVLMSlsCfjqYPbLyVv11M9CPW4I728d6TCKMAOJueEeB9/8o+eSsMnxPJD+Q+K909sdESg7C+tIkoH6on1A==",
      "dependencies": {
        "ansi-styles": "^2.2.1",
        "escape-string-regexp": "^1.0.2",
        "has-ansi": "^2.0.0",
        "strip-ansi": "^3.0.0",
        "supports-color": "^2.0.0"
      },
      "engines": {
        "node": ">=0.10.0"
      }
    },
    "node_modules/yargonaut/node_modules/escape-string-regexp": {
      "version": "1.0.5",
      "resolved": "https://registry.npmjs.org/escape-string-regexp/-/escape-string-regexp-1.0.5.tgz",
      "integrity": "sha512-vbRorB5FUQWvla16U8R/qgaFIya2qGzwDrNmCZuYKrbdSUMG6I1ZCGQRefkRVhuOkIGVne7BQ35DSfo1qvJqFg==",
      "engines": {
        "node": ">=0.8.0"
      }
    },
    "node_modules/yargonaut/node_modules/strip-ansi": {
      "version": "3.0.1",
      "resolved": "https://registry.npmjs.org/strip-ansi/-/strip-ansi-3.0.1.tgz",
      "integrity": "sha512-VhumSSbBqDTP8p2ZLKj40UjBCV4+v8bUSEpUb4KjRgWk9pbqGF4REFj6KEagidb2f/M6AzC0EmFyDNGaw9OCzg==",
      "dependencies": {
        "ansi-regex": "^2.0.0"
      },
      "engines": {
        "node": ">=0.10.0"
      }
    },
    "node_modules/yargonaut/node_modules/supports-color": {
      "version": "2.0.0",
      "resolved": "https://registry.npmjs.org/supports-color/-/supports-color-2.0.0.tgz",
      "integrity": "sha512-KKNVtd6pCYgPIKU4cp2733HWYCpplQhddZLBUryaAHou723x+FRzQ5Df824Fj+IyyuiQTRoub4SnIFfIcrp70g==",
      "engines": {
        "node": ">=0.8.0"
      }
    },
    "node_modules/yargs": {
      "version": "17.7.2",
      "resolved": "https://registry.npmjs.org/yargs/-/yargs-17.7.2.tgz",
      "integrity": "sha512-7dSzzRQ++CKnNI/krKnYRV7JKKPUXMEh61soaHKg9mrWEhzFWhFnxPxGl+69cD1Ou63C13NUPCnmIcrvqCuM6w==",
      "dependencies": {
        "cliui": "^8.0.1",
        "escalade": "^3.1.1",
        "get-caller-file": "^2.0.5",
        "require-directory": "^2.1.1",
        "string-width": "^4.2.3",
        "y18n": "^5.0.5",
        "yargs-parser": "^21.1.1"
      },
      "engines": {
        "node": ">=12"
      }
    },
    "node_modules/yargs-parser": {
      "version": "21.1.1",
      "resolved": "https://registry.npmjs.org/yargs-parser/-/yargs-parser-21.1.1.tgz",
      "integrity": "sha512-tVpsJW7DdjecAiFpbIB1e3qxIQsE6NoPc5/eTdrbbIC4h0LVsWhnoa3g+m2HclBIujHzsxZ4VJVA+GUuc2/LBw==",
      "engines": {
        "node": ">=12"
      }
    },
    "node_modules/yoctocolors-cjs": {
      "version": "2.1.2",
      "resolved": "https://registry.npmjs.org/yoctocolors-cjs/-/yoctocolors-cjs-2.1.2.tgz",
      "integrity": "sha512-cYVsTjKl8b+FrnidjibDWskAv7UKOfcwaVZdp/it9n1s9fU3IkgDbhdIRKCW4JDsAlECJY0ytoVPT3sK6kideA==",
      "license": "MIT",
      "engines": {
        "node": ">=18"
      },
      "funding": {
        "url": "https://github.com/sponsors/sindresorhus"
      }
    },
    "node_modules/zx": {
      "version": "8.2.2",
      "resolved": "https://registry.npmjs.org/zx/-/zx-8.2.2.tgz",
      "integrity": "sha512-HSIdpU5P2ONI0nssnhsUZNCH9Sd/Z8LIFk9n8QTbu6JufzJx7qR7ajrMN21s06JqWSApcN012377iWsv8Vs5bg==",
      "license": "Apache-2.0",
      "bin": {
        "zx": "build/cli.js"
      },
      "engines": {
        "node": ">= 12.17.0"
      },
      "optionalDependencies": {
        "@types/fs-extra": ">=11",
        "@types/node": ">=20"
      }
    }
  }
}
